
Microsoft Visual Studio Solution File, Format Version 12.00
# Visual Studio 2012
Project("{FAE04EC0-301F-11D3-BF4B-00C04F79EFBC}") = "Barcode_Nhom5", "Barcode_Nhom5\Barcode_Nhom5.csproj", "{C69419E6-BFB2-4FA7-B568-9C1BF659F506}"
EndProject
Global
	GlobalSection(SolutionConfigurationPlatforms) = preSolution
		Debug|Any CPU = Debug|Any CPU
		Release|Any CPU = Release|Any CPU
	EndGlobalSection
	GlobalSection(ProjectConfigurationPlatforms) = postSolution
		{C69419E6-BFB2-4FA7-B568-9C1BF659F506}.Debug|Any CPU.ActiveCfg = Debug|Any CPU
		{C69419E6-BFB2-4FA7-B568-9C1BF659F506}.Debug|Any CPU.Build.0 = Debug|Any CPU
		{C69419E6-BFB2-4FA7-B568-9C1BF659F506}.Release|Any CPU.ActiveCfg = Release|Any CPU
		{C69419E6-BFB2-4FA7-B568-9C1BF659F506}.Release|Any CPU.Build.0 = Release|Any CPU
	EndGlobalSection
	GlobalSection(SolutionProperties) = preSolution
		HideSolutionNode = FALSE
	EndGlobalSection
EndGlobal
